speakeasyVersion: 1.352.2
sources:
    openapi-main:
        sourceNamespace: openapi-main
        sourceRevisionDigest: sha256:83a9e3990130c59d5774c245d106563b1fcaad5377e732460993f739e7610bd7
        sourceBlobDigest: sha256:9d1feabf60e3630680583bfc5e17fa9f7de5083b8117dd04e757e13519ead9d9
        tags:
            - latest
            - main
targets:
    python:
        source: openapi-main
        sourceNamespace: openapi-main
        sourceRevisionDigest: sha256:83a9e3990130c59d5774c245d106563b1fcaad5377e732460993f739e7610bd7
        sourceBlobDigest: sha256:9d1feabf60e3630680583bfc5e17fa9f7de5083b8117dd04e757e13519ead9d9
        codeSamplesNamespace: code-samples-python
        codeSamplesRevisionDigest: sha256:b109bd00437290b9b2726b514cad0c824887ffab17747a55b12b63ad3e6ef998
        outLocation: /github/workspace/repo
workflow:
    workflowVersion: 1.0.0
    speakeasyVersion: latest
    sources:
        openapi-main:
            inputs:
                - location: https://raw.githubusercontent.com/panoratech/Panora/main/packages/api/swagger/swagger-spec.yaml
            registry:
                location: registry.speakeasyapi.dev/panora/panora/openapi-main
    targets:
        python:
            target: python
            source: openapi-main
            codeSamples:
                output: codeSamples.yaml
                registry:
                    location: registry.speakeasyapi.dev/panora/panora/code-samples-python
