speakeasyVersion: 1.351.2
sources:
    openapi-main:
        sourceNamespace: openapi-main
        sourceRevisionDigest: sha256:f7e38999587c5c75477caa864dcc7a40f8f71e9b7a3f72a454472ab654f79121
        sourceBlobDigest: sha256:14a53b42f033c54a0dd39c63a434c690b77c3c1ea05a968478d5729f4651174e
        tags:
            - latest
            - main
targets:
    python:
        source: openapi-main
        sourceNamespace: openapi-main
        sourceRevisionDigest: sha256:f7e38999587c5c75477caa864dcc7a40f8f71e9b7a3f72a454472ab654f79121
        sourceBlobDigest: sha256:14a53b42f033c54a0dd39c63a434c690b77c3c1ea05a968478d5729f4651174e
        codeSamplesNamespace: code-samples-python
        codeSamplesRevisionDigest: sha256:c8d014fa129b8755d864403a2e3eaf049cf5255808a5a2d1751cfd6bf49d1870
        outLocation: /github/workspace/repo
workflow:
    workflowVersion: 1.0.0
    speakeasyVersion: latest
    sources:
        openapi-main:
            inputs:
                - location: https://raw.githubusercontent.com/panoratech/Panora/main/packages/api/swagger/swagger-spec.yaml
            registry:
                location: registry.speakeasyapi.dev/panora/panora/openapi-main
    targets:
        python:
            target: python
            source: openapi-main
            codeSamples:
                output: codeSamples.yaml
                registry:
                    location: registry.speakeasyapi.dev/panora/panora/code-samples-python
